github.com/google/go-cmp v0.5.2/go.mod h1:v8dTdLbMG2kIc/vJvl+f65V22dbkXbowE6jgT/gNBxE=
github.com/google/go-cmp v0.7.0 h1:wk8382ETsv4JYUZwIsn6YpYiWiBsYLSJiTsyBybVuN8=
github.com/google/go-cmp v0.7.0/go.mod h1:pXiqmnSA92OHEEa9HXL2W4E7lf9JzCmGVUdgjX3N/iU=
github.com/google/go-github/v79 v79.0.1-0.20251126035600-3afe183d384c h1:CoAMmGycX9VHWeZ1Zlr14/VAxVTZ3yCiAGmAHX+7X20=
github.com/google/go-github/v79 v79.0.1-0.20251126035600-3afe183d384c/go.mod h1:OAFbNhq7fQwohojb06iIIQAB9CBGYLq999myfUFnrS4=
github.com/google/go-querystring v1.1.0 h1:AnCroh3fv4ZBgVIf1Iwtovgjaw/GiKJo8M8yD/fhyJ8=
github.com/google/go-querystring v1.1.0/go.mod h1:Kcdr2DB4koayq7X8pmAG4sNG59So17icRSOU623lUBU=
github.com/shoenig/test v1.12.2 h1:ZVT8NeIUwGWpZcKaepPmFMoNQ3sVpxvqUh/MAqwFiJI=
github.com/shoenig/test v1.12.2/go.mod h1:UxJ6u/x2v/TNs/LoLxBNJRV9DiwBBKYxXSyczsBHFoI=
github.com/yaadata/optionsgo v0.4.0 h1:emVCzcJY5G2SLkGHh02wwXJlf1hn5N9pMa35IqkENWs=
github.com/yaadata/optionsgo v0.4.0/go.mod h1:x+/y13p1ZShKJJxj71v8ONG18mNV7FA1eblqVZ61l3k=
github.com/yaadata/optionsgo v0.5.0 h1:UdH5MVc24ok4Z/iHo23bt189YiVzFQi8M+NW1wh1bkg=
github.com/yaadata/optionsgo v0.5.0/go.mod h1:x+/y13p1ZShKJJxj71v8ONG18mNV7FA1eblqVZ61l3k=
golang.org/x/xerrors v0.0.0-20191204190536-9bdfabe68543/go.mod h1:I/5z698sn9Ka8TeJc9MKroUUfqBBauWjQqLJ2OPfmY0=
